
Microsoft Visual Studio Solution File, Format Version 12.00
# Visual Studio Version 16
VisualStudioVersion = 16.0.30804.86
MinimumVisualStudioVersion = 10.0.40219.1
Project("{FAE04EC0-301F-11D3-BF4B-00C04F79EFBC}") = "Assignment 1 Login System", "Assignment 1 Login System\Assignment 1 Login System.csproj", "{BE6E5292-A958-4278-A43B-E2F19559FD62}"
EndProject
Global
	GlobalSection(SolutionConfigurationPlatforms) = preSolution
		Debug|Any CPU = Debug|Any CPU
		Release|Any CPU = Release|Any CPU
	EndGlobalSection
	GlobalSection(ProjectConfigurationPlatforms) = postSolution
		{BE6E5292-A958-4278-A43B-E2F19559FD62}.Debug|Any CPU.ActiveCfg = Debug|Any CPU
		{BE6E5292-A958-4278-A43B-E2F19559FD62}.Debug|Any CPU.Build.0 = Debug|Any CPU
		{BE6E5292-A958-4278-A43B-E2F19559FD62}.Release|Any CPU.ActiveCfg = Release|Any CPU
		{BE6E5292-A958-4278-A43B-E2F19559FD62}.Release|Any CPU.Build.0 = Release|Any CPU
	EndGlobalSection
	GlobalSection(SolutionProperties) = preSolution
		HideSolutionNode = FALSE
	EndGlobalSection
	GlobalSection(ExtensibilityGlobals) = postSolution
		SolutionGuid = {E97C0DF6-3CED-4670-9596-1D3E8C55D442}
	EndGlobalSection
EndGlobal
